
Microsoft Visual Studio Solution File, Format Version 12.00
# Visual Studio 15
VisualStudioVersion = 15.0.28307.329
MinimumVisualStudioVersion = 10.0.40219.1
Project("{9A19103F-16F7-4668-BE54-9A1E7A4F7556}") = "ReactNetCore", "ReactNetCore\ReactNetCore.csproj", "{75ABFF2C-77F3-49B0-AF1A-B74EF71F60F9}"
EndProject
Project("{9A19103F-16F7-4668-BE54-9A1E7A4F7556}") = "Exir.RoutineBuilder", "Exir.RoutineBuilder\Exir.RoutineBuilder.csproj", "{36B9D6D1-C96E-485A-9B9B-994B3A9E9148}"
EndProject
Global
	GlobalSection(SolutionConfigurationPlatforms) = preSolution
		Debug|Any CPU = Debug|Any CPU
		Release|Any CPU = Release|Any CPU
	EndGlobalSection
	GlobalSection(ProjectConfigurationPlatforms) = postSolution
		{75ABFF2C-77F3-49B0-AF1A-B74EF71F60F9}.Debug|Any CPU.ActiveCfg = Debug|Any CPU
		{75ABFF2C-77F3-49B0-AF1A-B74EF71F60F9}.Debug|Any CPU.Build.0 = Debug|Any CPU
		{75ABFF2C-77F3-49B0-AF1A-B74EF71F60F9}.Release|Any CPU.ActiveCfg = Release|Any CPU
		{75ABFF2C-77F3-49B0-AF1A-B74EF71F60F9}.Release|Any CPU.Build.0 = Release|Any CPU
		{36B9D6D1-C96E-485A-9B9B-994B3A9E9148}.Debug|Any CPU.ActiveCfg = Debug|Any CPU
		{36B9D6D1-C96E-485A-9B9B-994B3A9E9148}.Debug|Any CPU.Build.0 = Debug|Any CPU
		{36B9D6D1-C96E-485A-9B9B-994B3A9E9148}.Release|Any CPU.ActiveCfg = Release|Any CPU
		{36B9D6D1-C96E-485A-9B9B-994B3A9E9148}.Release|Any CPU.Build.0 = Release|Any CPU
	EndGlobalSection
	GlobalSection(SolutionProperties) = preSolution
		HideSolutionNode = FALSE
	EndGlobalSection
	GlobalSection(ExtensibilityGlobals) = postSolution
		SolutionGuid = {69E97C59-6C06-44C8-8D2B-37C191935054}
	EndGlobalSection
EndGlobal
